
Microsoft Visual Studio Solution File, Format Version 12.00
# Visual Studio 15
VisualStudioVersion = 15.0.28307.645
MinimumVisualStudioVersion = 10.0.40219.1
Project("{FAE04EC0-301F-11D3-BF4B-00C04F79EFBC}") = "WebServiceWeather.Android", "WebServiceWeather\WebServiceWeather.Android\WebServiceWeather.Android.csproj", "{604B76F4-87B0-4C2A-A245-11CC7AB7FC6E}"
EndProject
Project("{FAE04EC0-301F-11D3-BF4B-00C04F79EFBC}") = "WebServiceWeather.iOS", "WebServiceWeather\WebServiceWeather.iOS\WebServiceWeather.iOS.csproj", "{B8A5E685-B324-427C-B5DF-C3874C23B971}"
EndProject
Project("{FAE04EC0-301F-11D3-BF4B-00C04F79EFBC}") = "WebServiceWeather.UWP", "WebServiceWeather\WebServiceWeather.UWP\WebServiceWeather.UWP.csproj", "{E5235C33-9780-4A48-99DD-F8433DF4888D}"
EndProject
Project("{FAE04EC0-301F-11D3-BF4B-00C04F79EFBC}") = "WebServiceWeather", "WebServiceWeather\WebServiceWeather\WebServiceWeather.csproj", "{D702144E-968C-42C1-A21B-23049C6D41E3}"
EndProject
Project("{2150E333-8FDC-42A3-9474-1A3956D46DE8}") = "Solution Items", "Solution Items", "{E311F3AF-90A2-4959-BA98-CAD8D093E1DF}"
	ProjectSection(SolutionItems) = preProject
		Constants.cs = Constants.cs
		RestService.cs = RestService.cs
		WeatherData.cs = WeatherData.cs
	EndProjectSection
EndProject
Global
	GlobalSection(SolutionConfigurationPlatforms) = preSolution
		Ad-Hoc|Any CPU = Ad-Hoc|Any CPU
		Ad-Hoc|ARM = Ad-Hoc|ARM
		Ad-Hoc|iPhone = Ad-Hoc|iPhone
		Ad-Hoc|iPhoneSimulator = Ad-Hoc|iPhoneSimulator
		Ad-Hoc|x64 = Ad-Hoc|x64
		Ad-Hoc|x86 = Ad-Hoc|x86
		AppStore|Any CPU = AppStore|Any CPU
		AppStore|ARM = AppStore|ARM
		AppStore|iPhone = AppStore|iPhone
		AppStore|iPhoneSimulator = AppStore|iPhoneSimulator
		AppStore|x64 = AppStore|x64
		AppStore|x86 = AppStore|x86
		Debug|Any CPU = Debug|Any CPU
		Debug|ARM = Debug|ARM
		Debug|iPhone = Debug|iPhone
		Debug|iPhoneSimulator = Debug|iPhoneSimulator
		Debug|x64 = Debug|x64
		Debug|x86 = Debug|x86
		Release|Any CPU = Release|Any CPU
		Release|ARM = Release|ARM
		Release|iPhone = Release|iPhone
		Release|iPhoneSimulator = Release|iPhoneSimulator
		Release|x64 = Release|x64
		Release|x86 = Release|x86
	EndGlobalSection
	GlobalSection(ProjectConfigurationPlatforms) = postSolution
		{604B76F4-87B0-4C2A-A245-11CC7AB7FC6E}.Ad-Hoc|Any CPU.ActiveCfg = Release|Any CPU
		{604B76F4-87B0-4C2A-A245-11CC7AB7FC6E}.Ad-Hoc|Any CPU.Build.0 = Release|Any CPU
		{604B76F4-87B0-4C2A-A245-11CC7AB7FC6E}.Ad-Hoc|Any CPU.Deploy.0 = Release|Any CPU
		{604B76F4-87B0-4C2A-A245-11CC7AB7FC6E}.Ad-Hoc|ARM.ActiveCfg = Release|Any CPU
		{604B76F4-87B0-4C2A-A245-11CC7AB7FC6E}.Ad-Hoc|ARM.Build.0 = Release|Any CPU
		{604B76F4-87B0-4C2A-A245-11CC7AB7FC6E}.Ad-Hoc|ARM.Deploy.0 = Release|Any CPU
		{604B76F4-87B0-4C2A-A245-11CC7AB7FC6E}.Ad-Hoc|iPhone.ActiveCfg = Release|Any CPU
		{604B76F4-87B0-4C2A-A245-11CC7AB7FC6E}.Ad-Hoc|iPhone.Build.0 = Release|Any CPU
		{604B76F4-87B0-4C2A-A245-11CC7AB7FC6E}.Ad-Hoc|iPhone.Deploy.0 = Release|Any CPU
		{604B76F4-87B0-4C2A-A245-11CC7AB7FC6E}.Ad-Hoc|iPhoneSimulator.ActiveCfg = Release|Any CPU
		{604B76F4-87B0-4C2A-A245-11CC7AB7FC6E}.Ad-Hoc|iPhoneSimulator.Build.0 = Release|Any CPU
		{604B76F4-87B0-4C2A-A245-11CC7AB7FC6E}.Ad-Hoc|iPhoneSimulator.Deploy.0 = Release|Any CPU
		{604B76F4-87B0-4C2A-A245-11CC7AB7FC6E}.Ad-Hoc|x64.ActiveCfg = Release|Any CPU
		{604B76F4-87B0-4C2A-A245-11CC7AB7FC6E}.Ad-Hoc|x64.Build.0 = Release|Any CPU
		{604B76F4-87B0-4C2A-A245-11CC7AB7FC6E}.Ad-Hoc|x64.Deploy.0 = Release|Any CPU
		{604B76F4-87B0-4C2A-A245-11CC7AB7FC6E}.Ad-Hoc|x86.ActiveCfg = Release|Any CPU
		{604B76F4-87B0-4C2A-A245-11CC7AB7FC6E}.Ad-Hoc|x86.Build.0 = Release|Any CPU
		{604B76F4-87B0-4C2A-A245-11CC7AB7FC6E}.Ad-Hoc|x86.Deploy.0 = Release|Any CPU
		{604B76F4-87B0-4C2A-A245-11CC7AB7FC6E}.AppStore|Any CPU.ActiveCfg = Release|Any CPU
		{604B76F4-87B0-4C2A-A245-11CC7AB7FC6E}.AppStore|Any CPU.Build.0 = Release|Any CPU
		{604B76F4-87B0-4C2A-A245-11CC7AB7FC6E}.AppStore|Any CPU.Deploy.0 = Release|Any CPU
		{604B76F4-87B0-4C2A-A245-11CC7AB7FC6E}.AppStore|ARM.ActiveCfg = Release|Any CPU
		{604B76F4-87B0-4C2A-A245-11CC7AB7FC6E}.AppStore|ARM.Build.0 = Release|Any CPU
		{604B76F4-87B0-4C2A-A245-11CC7AB7FC6E}.AppStore|ARM.Deploy.0 = Release|Any CPU
		{604B76F4-87B0-4C2A-A245-11CC7AB7FC6E}.AppStore|iPhone.ActiveCfg = Release|Any CPU
		{604B76F4-87B0-4C2A-A245-11CC7AB7FC6E}.AppStore|iPhone.Build.0 = Release|Any CPU
		{604B76F4-87B0-4C2A-A245-11CC7AB7FC6E}.AppStore|iPhone.Deploy.0 = Release|Any CPU
		{604B76F4-87B0-4C2A-A245-11CC7AB7FC6E}.AppStore|iPhoneSimulator.ActiveCfg = Release|Any CPU
		{604B76F4-87B0-4C2A-A245-11CC7AB7FC6E}.AppStore|iPhoneSimulator.Build.0 = Release|Any CPU
		{604B76F4-87B0-4C2A-A245-11CC7AB7FC6E}.AppStore|iPhoneSimulator.Deploy.0 = Release|Any CPU
		{604B76F4-87B0-4C2A-A245-11CC7AB7FC6E}.AppStore|x64.ActiveCfg = Release|Any CPU
		{604B76F4-87B0-4C2A-A245-11CC7AB7FC6E}.AppStore|x64.Build.0 = Release|Any CPU
		{604B76F4-87B0-4C2A-A245-11CC7AB7FC6E}.AppStore|x64.Deploy.0 = Release|Any CPU
		{604B76F4-87B0-4C2A-A245-11CC7AB7FC6E}.AppStore|x86.ActiveCfg = Release|Any CPU
		{604B76F4-87B0-4C2A-A245-11CC7AB7FC6E}.AppStore|x86.Build.0 = Release|Any CPU
		{604B76F4-87B0-4C2A-A245-11CC7AB7FC6E}.AppStore|x86.Deploy.0 = Release|Any CPU
		{604B76F4-87B0-4C2A-A245-11CC7AB7FC6E}.Debug|Any CPU.ActiveCfg = Debug|Any CPU
		{604B76F4-87B0-4C2A-A245-11CC7AB7FC6E}.Debug|Any CPU.Build.0 = Debug|Any CPU
		{604B76F4-87B0-4C2A-A245-11CC7AB7FC6E}.Debug|Any CPU.Deploy.0 = Debug|Any CPU
		{604B76F4-87B0-4C2A-A245-11CC7AB7FC6E}.Debug|ARM.ActiveCfg = Debug|Any CPU
		{604B76F4-87B0-4C2A-A245-11CC7AB7FC6E}.Debug|ARM.Build.0 = Debug|Any CPU
		{604B76F4-87B0-4C2A-A245-11CC7AB7FC6E}.Debug|ARM.Deploy.0 = Debug|Any CPU
		{604B76F4-87B0-4C2A-A245-11CC7AB7FC6E}.Debug|iPhone.ActiveCfg = Debug|Any CPU
		{604B76F4-87B0-4C2A-A245-11CC7AB7FC6E}.Debug|iPhone.Build.0 = Debug|Any CPU
		{604B76F4-87B0-4C2A-A245-11CC7AB7FC6E}.Debug|iPhone.Deploy.0 = Debug|Any CPU
		{604B76F4-87B0-4C2A-A245-11CC7AB7FC6E}.Debug|iPhoneSimulator.ActiveCfg = Debug|Any CPU
		{604B76F4-87B0-4C2A-A245-11CC7AB7FC6E}.Debug|iPhoneSimulator.Build.0 = Debug|Any CPU
		{604B76F4-87B0-4C2A-A245-11CC7AB7FC6E}.Debug|iPhoneSimulator.Deploy.0 = Debug|Any CPU
		{604B76F4-87B0-4C2A-A245-11CC7AB7FC6E}.Debug|x64.ActiveCfg = Debug|Any CPU
		{604B76F4-87B0-4C2A-A245-11CC7AB7FC6E}.Debug|x64.Build.0 = Debug|Any CPU
		{604B76F4-87B0-4C2A-A245-11CC7AB7FC6E}.Debug|x64.Deploy.0 = Debug|Any CPU
		{604B76F4-87B0-4C2A-A245-11CC7AB7FC6E}.Debug|x86.ActiveCfg = Debug|Any CPU
		{604B76F4-87B0-4C2A-A245-11CC7AB7FC6E}.Debug|x86.Build.0 = Debug|Any CPU
		{604B76F4-87B0-4C2A-A245-11CC7AB7FC6E}.Debug|x86.Deploy.0 = Debug|Any CPU
		{604B76F4-87B0-4C2A-A245-11CC7AB7FC6E}.Release|Any CPU.ActiveCfg = Release|Any CPU
		{604B76F4-87B0-4C2A-A245-11CC7AB7FC6E}.Release|Any CPU.Build.0 = Release|Any CPU
		{604B76F4-87B0-4C2A-A245-11CC7AB7FC6E}.Release|Any CPU.Deploy.0 = Release|Any CPU
		{604B76F4-87B0-4C2A-A245-11CC7AB7FC6E}.Release|ARM.ActiveCfg = Release|Any CPU
		{604B76F4-87B0-4C2A-A245-11CC7AB7FC6E}.Release|ARM.Build.0 = Release|Any CPU
		{604B76F4-87B0-4C2A-A245-11CC7AB7FC6E}.Release|ARM.Deploy.0 = Release|Any CPU
		{604B76F4-87B0-4C2A-A245-11CC7AB7FC6E}.Release|iPhone.ActiveCfg = Release|Any CPU
		{604B76F4-87B0-4C2A-A245-11CC7AB7FC6E}.Release|iPhone.Build.0 = Release|Any CPU
		{604B76F4-87B0-4C2A-A245-11CC7AB7FC6E}.Release|iPhone.Deploy.0 = Release|Any CPU
		{604B76F4-87B0-4C2A-A245-11CC7AB7FC6E}.Release|iPhoneSimulator.ActiveCfg = Release|Any CPU
		{604B76F4-87B0-4C2A-A245-11CC7AB7FC6E}.Release|iPhoneSimulator.Build.0 = Release|Any CPU
		{604B76F4-87B0-4C2A-A245-11CC7AB7FC6E}.Release|iPhoneSimulator.Deploy.0 = Release|Any CPU
		{604B76F4-87B0-4C2A-A245-11CC7AB7FC6E}.Release|x64.ActiveCfg = Release|Any CPU
		{604B76F4-87B0-4C2A-A245-11CC7AB7FC6E}.Release|x64.Build.0 = Release|Any CPU
		{604B76F4-87B0-4C2A-A245-11CC7AB7FC6E}.Release|x64.Deploy.0 = Release|Any CPU
		{604B76F4-87B0-4C2A-A245-11CC7AB7FC6E}.Release|x86.ActiveCfg = Release|Any CPU
		{604B76F4-87B0-4C2A-A245-11CC7AB7FC6E}.Release|x86.Build.0 = Release|Any CPU
		{604B76F4-87B0-4C2A-A245-11CC7AB7FC6E}.Release|x86.Deploy.0 = Release|Any CPU
		{B8A5E685-B324-427C-B5DF-C3874C23B971}.Ad-Hoc|Any CPU.ActiveCfg = Ad-Hoc|iPhone
		{B8A5E685-B324-427C-B5DF-C3874C23B971}.Ad-Hoc|Any CPU.Build.0 = Ad-Hoc|iPhone
		{B8A5E685-B324-427C-B5DF-C3874C23B971}.Ad-Hoc|Any CPU.Deploy.0 = Ad-Hoc|iPhone
		{B8A5E685-B324-427C-B5DF-C3874C23B971}.Ad-Hoc|ARM.ActiveCfg = Ad-Hoc|iPhone
		{B8A5E685-B324-427C-B5DF-C3874C23B971}.Ad-Hoc|ARM.Build.0 = Ad-Hoc|iPhone
		{B8A5E685-B324-427C-B5DF-C3874C23B971}.Ad-Hoc|ARM.Deploy.0 = Ad-Hoc|iPhone
		{B8A5E685-B324-427C-B5DF-C3874C23B971}.Ad-Hoc|iPhone.ActiveCfg = Ad-Hoc|iPhone
		{B8A5E685-B324-427C-B5DF-C3874C23B971}.Ad-Hoc|iPhone.Build.0 = Ad-Hoc|iPhone
		{B8A5E685-B324-427C-B5DF-C3874C23B971}.Ad-Hoc|iPhone.Deploy.0 = Ad-Hoc|iPhone
		{B8A5E685-B324-427C-B5DF-C3874C23B971}.Ad-Hoc|iPhoneSimulator.ActiveCfg = Ad-Hoc|iPhoneSimulator
		{B8A5E685-B324-427C-B5DF-C3874C23B971}.Ad-Hoc|iPhoneSimulator.Build.0 = Ad-Hoc|iPhoneSimulator
		{B8A5E685-B324-427C-B5DF-C3874C23B971}.Ad-Hoc|iPhoneSimulator.Deploy.0 = Ad-Hoc|iPhoneSimulator
		{B8A5E685-B324-427C-B5DF-C3874C23B971}.Ad-Hoc|x64.ActiveCfg = Ad-Hoc|iPhone
		{B8A5E685-B324-427C-B5DF-C3874C23B971}.Ad-Hoc|x64.Build.0 = Ad-Hoc|iPhone
		{B8A5E685-B324-427C-B5DF-C3874C23B971}.Ad-Hoc|x64.Deploy.0 = Ad-Hoc|iPhone
		{B8A5E685-B324-427C-B5DF-C3874C23B971}.Ad-Hoc|x86.ActiveCfg = Ad-Hoc|iPhone
		{B8A5E685-B324-427C-B5DF-C3874C23B971}.Ad-Hoc|x86.Build.0 = Ad-Hoc|iPhone
		{B8A5E685-B324-427C-B5DF-C3874C23B971}.Ad-Hoc|x86.Deploy.0 = Ad-Hoc|iPhone
		{B8A5E685-B324-427C-B5DF-C3874C23B971}.AppStore|Any CPU.ActiveCfg = AppStore|iPhone
		{B8A5E685-B324-427C-B5DF-C3874C23B971}.AppStore|Any CPU.Build.0 = AppStore|iPhone
		{B8A5E685-B324-427C-B5DF-C3874C23B971}.AppStore|Any CPU.Deploy.0 = AppStore|iPhone
		{B8A5E685-B324-427C-B5DF-C3874C23B971}.AppStore|ARM.ActiveCfg = AppStore|iPhone
		{B8A5E685-B324-427C-B5DF-C3874C23B971}.AppStore|ARM.Build.0 = AppStore|iPhone
		{B8A5E685-B324-427C-B5DF-C3874C23B971}.AppStore|ARM.Deploy.0 = AppStore|iPhone
		{B8A5E685-B324-427C-B5DF-C3874C23B971}.AppStore|iPhone.ActiveCfg = AppStore|iPhone
		{B8A5E685-B324-427C-B5DF-C3874C23B971}.AppStore|iPhone.Build.0 = AppStore|iPhone
		{B8A5E685-B324-427C-B5DF-C3874C23B971}.AppStore|iPhone.Deploy.0 = AppStore|iPhone
		{B8A5E685-B324-427C-B5DF-C3874C23B971}.AppStore|iPhoneSimulator.ActiveCfg = AppStore|iPhoneSimulator
		{B8A5E685-B324-427C-B5DF-C3874C23B971}.AppStore|iPhoneSimulator.Build.0 = AppStore|iPhoneSimulator
		{B8A5E685-B324-427C-B5DF-C3874C23B971}.AppStore|iPhoneSimulator.Deploy.0 = AppStore|iPhoneSimulator
		{B8A5E685-B324-427C-B5DF-C3874C23B971}.AppStore|x64.ActiveCfg = AppStore|iPhone
		{B8A5E685-B324-427C-B5DF-C3874C23B971}.AppStore|x64.Build.0 = AppStore|iPhone
		{B8A5E685-B324-427C-B5DF-C3874C23B971}.AppStore|x64.Deploy.0 = AppStore|iPhone
		{B8A5E685-B324-427C-B5DF-C3874C23B971}.AppStore|x86.ActiveCfg = AppStore|iPhone
		{B8A5E685-B324-427C-B5DF-C3874C23B971}.AppStore|x86.Build.0 = AppStore|iPhone
		{B8A5E685-B324-427C-B5DF-C3874C23B971}.AppStore|x86.Deploy.0 = AppStore|iPhone
		{B8A5E685-B324-427C-B5DF-C3874C23B971}.Debug|Any CPU.ActiveCfg = Debug|iPhoneSimulator
		{B8A5E685-B324-427C-B5DF-C3874C23B971}.Debug|Any CPU.Build.0 = Debug|iPhoneSimulator
		{B8A5E685-B324-427C-B5DF-C3874C23B971}.Debug|Any CPU.Deploy.0 = Debug|iPhoneSimulator
		{B8A5E685-B324-427C-B5DF-C3874C23B971}.Debug|ARM.ActiveCfg = Debug|iPhone
		{B8A5E685-B324-427C-B5DF-C3874C23B971}.Debug|ARM.Build.0 = Debug|iPhone
		{B8A5E685-B324-427C-B5DF-C3874C23B971}.Debug|ARM.Deploy.0 = Debug|iPhone
		{B8A5E685-B324-427C-B5DF-C3874C23B971}.Debug|iPhone.ActiveCfg = Debug|iPhone
		{B8A5E685-B324-427C-B5DF-C3874C23B971}.Debug|iPhone.Build.0 = Debug|iPhone
		{B8A5E685-B324-427C-B5DF-C3874C23B971}.Debug|iPhone.Deploy.0 = Debug|iPhone
		{B8A5E685-B324-427C-B5DF-C3874C23B971}.Debug|iPhoneSimulator.ActiveCfg = Debug|iPhoneSimulator
		{B8A5E685-B324-427C-B5DF-C3874C23B971}.Debug|iPhoneSimulator.Build.0 = Debug|iPhoneSimulator
		{B8A5E685-B324-427C-B5DF-C3874C23B971}.Debug|iPhoneSimulator.Deploy.0 = Debug|iPhoneSimulator
		{B8A5E685-B324-427C-B5DF-C3874C23B971}.Debug|x64.ActiveCfg = Debug|iPhone
		{B8A5E685-B324-427C-B5DF-C3874C23B971}.Debug|x64.Build.0 = Debug|iPhone
		{B8A5E685-B324-427C-B5DF-C3874C23B971}.Debug|x64.Deploy.0 = Debug|iPhone
		{B8A5E685-B324-427C-B5DF-C3874C23B971}.Debug|x86.ActiveCfg = Debug|iPhone
		{B8A5E685-B324-427C-B5DF-C3874C23B971}.Debug|x86.Build.0 = Debug|iPhone
		{B8A5E685-B324-427C-B5DF-C3874C23B971}.Debug|x86.Deploy.0 = Debug|iPhone
		{B8A5E685-B324-427C-B5DF-C3874C23B971}.Release|Any CPU.ActiveCfg = Release|iPhone
		{B8A5E685-B324-427C-B5DF-C3874C23B971}.Release|Any CPU.Build.0 = Release|iPhone
		{B8A5E685-B324-427C-B5DF-C3874C23B971}.Release|Any CPU.Deploy.0 = Release|iPhone
		{B8A5E685-B324-427C-B5DF-C3874C23B971}.Release|ARM.ActiveCfg = Release|iPhone
		{B8A5E685-B324-427C-B5DF-C3874C23B971}.Release|ARM.Build.0 = Release|iPhone
		{B8A5E685-B324-427C-B5DF-C3874C23B971}.Release|ARM.Deploy.0 = Release|iPhone
		{B8A5E685-B324-427C-B5DF-C3874C23B971}.Release|iPhone.ActiveCfg = Release|iPhone
		{B8A5E685-B324-427C-B5DF-C3874C23B971}.Release|iPhone.Build.0 = Release|iPhone
		{B8A5E685-B324-427C-B5DF-C3874C23B971}.Release|iPhone.Deploy.0 = Release|iPhone
		{B8A5E685-B324-427C-B5DF-C3874C23B971}.Release|iPhoneSimulator.ActiveCfg = Release|iPhoneSimulator
		{B8A5E685-B324-427C-B5DF-C3874C23B971}.Release|iPhoneSimulator.Build.0 = Release|iPhoneSimulator
		{B8A5E685-B324-427C-B5DF-C3874C23B971}.Release|iPhoneSimulator.Deploy.0 = Release|iPhoneSimulator
		{B8A5E685-B324-427C-B5DF-C3874C23B971}.Release|x64.ActiveCfg = Release|iPhone
		{B8A5E685-B324-427C-B5DF-C3874C23B971}.Release|x64.Build.0 = Release|iPhone
		{B8A5E685-B324-427C-B5DF-C3874C23B971}.Release|x64.Deploy.0 = Release|iPhone
		{B8A5E685-B324-427C-B5DF-C3874C23B971}.Release|x86.ActiveCfg = Release|iPhone
		{B8A5E685-B324-427C-B5DF-C3874C23B971}.Release|x86.Build.0 = Release|iPhone
		{B8A5E685-B324-427C-B5DF-C3874C23B971}.Release|x86.Deploy.0 = Release|iPhone
		{E5235C33-9780-4A48-99DD-F8433DF4888D}.Ad-Hoc|Any CPU.ActiveCfg = Release|x86
		{E5235C33-9780-4A48-99DD-F8433DF4888D}.Ad-Hoc|Any CPU.Build.0 = Release|x86
		{E5235C33-9780-4A48-99DD-F8433DF4888D}.Ad-Hoc|Any CPU.Deploy.0 = Release|x86
		{E5235C33-9780-4A48-99DD-F8433DF4888D}.Ad-Hoc|ARM.ActiveCfg = Release|ARM
		{E5235C33-9780-4A48-99DD-F8433DF4888D}.Ad-Hoc|ARM.Build.0 = Release|ARM
		{E5235C33-9780-4A48-99DD-F8433DF4888D}.Ad-Hoc|ARM.Deploy.0 = Release|ARM
		{E5235C33-9780-4A48-99DD-F8433DF4888D}.Ad-Hoc|iPhone.ActiveCfg = Release|x86
		{E5235C33-9780-4A48-99DD-F8433DF4888D}.Ad-Hoc|iPhone.Build.0 = Release|x86
		{E5235C33-9780-4A48-99DD-F8433DF4888D}.Ad-Hoc|iPhone.Deploy.0 = Release|x86
		{E5235C33-9780-4A48-99DD-F8433DF4888D}.Ad-Hoc|iPhoneSimulator.ActiveCfg = Release|x86
		{E5235C33-9780-4A48-99DD-F8433DF4888D}.Ad-Hoc|iPhoneSimulator.Build.0 = Release|x86
		{E5235C33-9780-4A48-99DD-F8433DF4888D}.Ad-Hoc|iPhoneSimulator.Deploy.0 = Release|x86
		{E5235C33-9780-4A48-99DD-F8433DF4888D}.Ad-Hoc|x64.ActiveCfg = Release|x64
		{E5235C33-9780-4A48-99DD-F8433DF4888D}.Ad-Hoc|x64.Build.0 = Release|x64
		{E5235C33-9780-4A48-99DD-F8433DF4888D}.Ad-Hoc|x64.Deploy.0 = Release|x64
		{E5235C33-9780-4A48-99DD-F8433DF4888D}.Ad-Hoc|x86.ActiveCfg = Release|x86
		{E5235C33-9780-4A48-99DD-F8433DF4888D}.Ad-Hoc|x86.Build.0 = Release|x86
		{E5235C33-9780-4A48-99DD-F8433DF4888D}.Ad-Hoc|x86.Deploy.0 = Release|x86
		{E5235C33-9780-4A48-99DD-F8433DF4888D}.AppStore|Any CPU.ActiveCfg = Release|x86
		{E5235C33-9780-4A48-99DD-F8433DF4888D}.AppStore|Any CPU.Build.0 = Release|x86
		{E5235C33-9780-4A48-99DD-F8433DF4888D}.AppStore|Any CPU.Deploy.0 = Release|x86
		{E5235C33-9780-4A48-99DD-F8433DF4888D}.AppStore|ARM.ActiveCfg = Release|ARM
		{E5235C33-9780-4A48-99DD-F8433DF4888D}.AppStore|ARM.Build.0 = Release|ARM
		{E5235C33-9780-4A48-99DD-F8433DF4888D}.AppStore|ARM.Deploy.0 = Release|ARM
		{E5235C33-9780-4A48-99DD-F8433DF4888D}.AppStore|iPhone.ActiveCfg = Release|x86
		{E5235C33-9780-4A48-99DD-F8433DF4888D}.AppStore|iPhone.Build.0 = Release|x86
		{E5235C33-9780-4A48-99DD-F8433DF4888D}.AppStore|iPhone.Deploy.0 = Release|x86
		{E5235C33-9780-4A48-99DD-F8433DF4888D}.AppStore|iPhoneSimulator.ActiveCfg = Release|x86
		{E5235C33-9780-4A48-99DD-F8433DF4888D}.AppStore|iPhoneSimulator.Build.0 = Release|x86
		{E5235C33-9780-4A48-99DD-F8433DF4888D}.AppStore|iPhoneSimulator.Deploy.0 = Release|x86
		{E5235C33-9780-4A48-99DD-F8433DF4888D}.AppStore|x64.ActiveCfg = Release|x64
		{E5235C33-9780-4A48-99DD-F8433DF4888D}.AppStore|x64.Build.0 = Release|x64
		{E5235C33-9780-4A48-99DD-F8433DF4888D}.AppStore|x64.Deploy.0 = Release|x64
		{E5235C33-9780-4A48-99DD-F8433DF4888D}.AppStore|x86.ActiveCfg = Release|x86
		{E5235C33-9780-4A48-99DD-F8433DF4888D}.AppStore|x86.Build.0 = Release|x86
		{E5235C33-9780-4A48-99DD-F8433DF4888D}.AppStore|x86.Deploy.0 = Release|x86
		{E5235C33-9780-4A48-99DD-F8433DF4888D}.Debug|Any CPU.ActiveCfg = Debug|x86
		{E5235C33-9780-4A48-99DD-F8433DF4888D}.Debug|Any CPU.Build.0 = Debug|x86
		{E5235C33-9780-4A48-99DD-F8433DF4888D}.Debug|Any CPU.Deploy.0 = Debug|x86
		{E5235C33-9780-4A48-99DD-F8433DF4888D}.Debug|ARM.ActiveCfg = Debug|ARM
		{E5235C33-9780-4A48-99DD-F8433DF4888D}.Debug|ARM.Build.0 = Debug|ARM
		{E5235C33-9780-4A48-99DD-F8433DF4888D}.Debug|ARM.Deploy.0 = Debug|ARM
		{E5235C33-9780-4A48-99DD-F8433DF4888D}.Debug|iPhone.ActiveCfg = Debug|x86
		{E5235C33-9780-4A48-99DD-F8433DF4888D}.Debug|iPhone.Build.0 = Debug|x86
		{E5235C33-9780-4A48-99DD-F8433DF4888D}.Debug|iPhone.Deploy.0 = Debug|x86
		{E5235C33-9780-4A48-99DD-F8433DF4888D}.Debug|iPhoneSimulator.ActiveCfg = Debug|x86
		{E5235C33-9780-4A48-99DD-F8433DF4888D}.Debug|iPhoneSimulator.Build.0 = Debug|x86
		{E5235C33-9780-4A48-99DD-F8433DF4888D}.Debug|iPhoneSimulator.Deploy.0 = Debug|x86
		{E5235C33-9780-4A48-99DD-F8433DF4888D}.Debug|x64.ActiveCfg = Debug|x64
		{E5235C33-9780-4A48-99DD-F8433DF4888D}.Debug|x64.Build.0 = Debug|x64
		{E5235C33-9780-4A48-99DD-F8433DF4888D}.Debug|x64.Deploy.0 = Debug|x64
		{E5235C33-9780-4A48-99DD-F8433DF4888D}.Debug|x86.ActiveCfg = Debug|x86
		{E5235C33-9780-4A48-99DD-F8433DF4888D}.Debug|x86.Build.0 = Debug|x86
		{E5235C33-9780-4A48-99DD-F8433DF4888D}.Debug|x86.Deploy.0 = Debug|x86
		{E5235C33-9780-4A48-99DD-F8433DF4888D}.Release|Any CPU.ActiveCfg = Release|x86
		{E5235C33-9780-4A48-99DD-F8433DF4888D}.Release|Any CPU.Build.0 = Release|x86
		{E5235C33-9780-4A48-99DD-F8433DF4888D}.Release|Any CPU.Deploy.0 = Release|x86
		{E5235C33-9780-4A48-99DD-F8433DF4888D}.Release|ARM.ActiveCfg = Release|ARM
		{E5235C33-9780-4A48-99DD-F8433DF4888D}.Release|ARM.Build.0 = Release|ARM
		{E5235C33-9780-4A48-99DD-F8433DF4888D}.Release|ARM.Deploy.0 = Release|ARM
		{E5235C33-9780-4A48-99DD-F8433DF4888D}.Release|iPhone.ActiveCfg = Release|x86
		{E5235C33-9780-4A48-99DD-F8433DF4888D}.Release|iPhone.Build.0 = Release|x86
		{E5235C33-9780-4A48-99DD-F8433DF4888D}.Release|iPhone.Deploy.0 = Release|x86
		{E5235C33-9780-4A48-99DD-F8433DF4888D}.Release|iPhoneSimulator.ActiveCfg = Release|x86
		{E5235C33-9780-4A48-99DD-F8433DF4888D}.Release|iPhoneSimulator.Build.0 = Release|x86
		{E5235C33-9780-4A48-99DD-F8433DF4888D}.Release|iPhoneSimulator.Deploy.0 = Release|x86
		{E5235C33-9780-4A48-99DD-F8433DF4888D}.Release|x64.ActiveCfg = Release|x64
		{E5235C33-9780-4A48-99DD-F8433DF4888D}.Release|x64.Build.0 = Release|x64
		{E5235C33-9780-4A48-99DD-F8433DF4888D}.Release|x64.Deploy.0 = Release|x64
		{E5235C33-9780-4A48-99DD-F8433DF4888D}.Release|x86.ActiveCfg = Release|x86
		{E5235C33-9780-4A48-99DD-F8433DF4888D}.Release|x86.Build.0 = Release|x86
		{E5235C33-9780-4A48-99DD-F8433DF4888D}.Release|x86.Deploy.0 = Release|x86
		{D702144E-968C-42C1-A21B-23049C6D41E3}.Ad-Hoc|Any CPU.ActiveCfg = Debug|Any CPU
		{D702144E-968C-42C1-A21B-23049C6D41E3}.Ad-Hoc|Any CPU.Build.0 = Debug|Any CPU
		{D702144E-968C-42C1-A21B-23049C6D41E3}.Ad-Hoc|Any CPU.Deploy.0 = Debug|Any CPU
		{D702144E-968C-42C1-A21B-23049C6D41E3}.Ad-Hoc|ARM.ActiveCfg = Debug|Any CPU
		{D702144E-968C-42C1-A21B-23049C6D41E3}.Ad-Hoc|ARM.Build.0 = Debug|Any CPU
		{D702144E-968C-42C1-A21B-23049C6D41E3}.Ad-Hoc|ARM.Deploy.0 = Debug|Any CPU
		{D702144E-968C-42C1-A21B-23049C6D41E3}.Ad-Hoc|iPhone.ActiveCfg = Debug|Any CPU
		{D702144E-968C-42C1-A21B-23049C6D41E3}.Ad-Hoc|iPhone.Build.0 = Debug|Any CPU
		{D702144E-968C-42C1-A21B-23049C6D41E3}.Ad-Hoc|iPhone.Deploy.0 = Debug|Any CPU
		{D702144E-968C-42C1-A21B-23049C6D41E3}.Ad-Hoc|iPhoneSimulator.ActiveCfg = Debug|Any CPU
		{D702144E-968C-42C1-A21B-23049C6D41E3}.Ad-Hoc|iPhoneSimulator.Build.0 = Debug|Any CPU
		{D702144E-968C-42C1-A21B-23049C6D41E3}.Ad-Hoc|iPhoneSimulator.Deploy.0 = Debug|Any CPU
		{D702144E-968C-42C1-A21B-23049C6D41E3}.Ad-Hoc|x64.ActiveCfg = Debug|Any CPU
		{D702144E-968C-42C1-A21B-23049C6D41E3}.Ad-Hoc|x64.Build.0 = Debug|Any CPU
		{D702144E-968C-42C1-A21B-23049C6D41E3}.Ad-Hoc|x64.Deploy.0 = Debug|Any CPU
		{D702144E-968C-42C1-A21B-23049C6D41E3}.Ad-Hoc|x86.ActiveCfg = Debug|Any CPU
		{D702144E-968C-42C1-A21B-23049C6D41E3}.Ad-Hoc|x86.Build.0 = Debug|Any CPU
		{D702144E-968C-42C1-A21B-23049C6D41E3}.Ad-Hoc|x86.Deploy.0 = Debug|Any CPU
		{D702144E-968C-42C1-A21B-23049C6D41E3}.AppStore|Any CPU.ActiveCfg = Debug|Any CPU
		{D702144E-968C-42C1-A21B-23049C6D41E3}.AppStore|Any CPU.Build.0 = Debug|Any CPU
		{D702144E-968C-42C1-A21B-23049C6D41E3}.AppStore|Any CPU.Deploy.0 = Debug|Any CPU
		{D702144E-968C-42C1-A21B-23049C6D41E3}.AppStore|ARM.ActiveCfg = Debug|Any CPU
		{D702144E-968C-42C1-A21B-23049C6D41E3}.AppStore|ARM.Build.0 = Debug|Any CPU
		{D702144E-968C-42C1-A21B-23049C6D41E3}.AppStore|ARM.Deploy.0 = Debug|Any CPU
		{D702144E-968C-42C1-A21B-23049C6D41E3}.AppStore|iPhone.ActiveCfg = Debug|Any CPU
		{D702144E-968C-42C1-A21B-23049C6D41E3}.AppStore|iPhone.Build.0 = Debug|Any CPU
		{D702144E-968C-42C1-A21B-23049C6D41E3}.AppStore|iPhone.Deploy.0 = Debug|Any CPU
		{D702144E-968C-42C1-A21B-23049C6D41E3}.AppStore|iPhoneSimulator.ActiveCfg = Debug|Any CPU
		{D702144E-968C-42C1-A21B-23049C6D41E3}.AppStore|iPhoneSimulator.Build.0 = Debug|Any CPU
		{D702144E-968C-42C1-A21B-23049C6D41E3}.AppStore|iPhoneSimulator.Deploy.0 = Debug|Any CPU
		{D702144E-968C-42C1-A21B-23049C6D41E3}.AppStore|x64.ActiveCfg = Debug|Any CPU
		{D702144E-968C-42C1-A21B-23049C6D41E3}.AppStore|x64.Build.0 = Debug|Any CPU
		{D702144E-968C-42C1-A21B-23049C6D41E3}.AppStore|x64.Deploy.0 = Debug|Any CPU
		{D702144E-968C-42C1-A21B-23049C6D41E3}.AppStore|x86.ActiveCfg = Debug|Any CPU
		{D702144E-968C-42C1-A21B-23049C6D41E3}.AppStore|x86.Build.0 = Debug|Any CPU
		{D702144E-968C-42C1-A21B-23049C6D41E3}.AppStore|x86.Deploy.0 = Debug|Any CPU
		{D702144E-968C-42C1-A21B-23049C6D41E3}.Debug|Any CPU.ActiveCfg = Debug|Any CPU
		{D702144E-968C-42C1-A21B-23049C6D41E3}.Debug|Any CPU.Build.0 = Debug|Any CPU
		{D702144E-968C-42C1-A21B-23049C6D41E3}.Debug|Any CPU.Deploy.0 = Debug|Any CPU
		{D702144E-968C-42C1-A21B-23049C6D41E3}.Debug|ARM.ActiveCfg = Debug|Any CPU
		{D702144E-968C-42C1-A21B-23049C6D41E3}.Debug|ARM.Build.0 = Debug|Any CPU
		{D702144E-968C-42C1-A21B-23049C6D41E3}.Debug|ARM.Deploy.0 = Debug|Any CPU
		{D702144E-968C-42C1-A21B-23049C6D41E3}.Debug|iPhone.ActiveCfg = Debug|Any CPU
		{D702144E-968C-42C1-A21B-23049C6D41E3}.Debug|iPhone.Build.0 = Debug|Any CPU
		{D702144E-968C-42C1-A21B-23049C6D41E3}.Debug|iPhone.Deploy.0 = Debug|Any CPU
		{D702144E-968C-42C1-A21B-23049C6D41E3}.Debug|iPhoneSimulator.ActiveCfg = Debug|Any CPU
		{D702144E-968C-42C1-A21B-23049C6D41E3}.Debug|iPhoneSimulator.Build.0 = Debug|Any CPU
		{D702144E-968C-42C1-A21B-23049C6D41E3}.Debug|iPhoneSimulator.Deploy.0 = Debug|Any CPU
		{D702144E-968C-42C1-A21B-23049C6D41E3}.Debug|x64.ActiveCfg = Debug|Any CPU
		{D702144E-968C-42C1-A21B-23049C6D41E3}.Debug|x64.Build.0 = Debug|Any CPU
		{D702144E-968C-42C1-A21B-23049C6D41E3}.Debug|x64.Deploy.0 = Debug|Any CPU
		{D702144E-968C-42C1-A21B-23049C6D41E3}.Debug|x86.ActiveCfg = Debug|Any CPU
		{D702144E-968C-42C1-A21B-23049C6D41E3}.Debug|x86.Build.0 = Debug|Any CPU
		{D702144E-968C-42C1-A21B-23049C6D41E3}.Debug|x86.Deploy.0 = Debug|Any CPU
		{D702144E-968C-42C1-A21B-23049C6D41E3}.Release|Any CPU.ActiveCfg = Release|Any CPU
		{D702144E-968C-42C1-A21B-23049C6D41E3}.Release|Any CPU.Build.0 = Release|Any CPU
		{D702144E-968C-42C1-A21B-23049C6D41E3}.Release|Any CPU.Deploy.0 = Release|Any CPU
		{D702144E-968C-42C1-A21B-23049C6D41E3}.Release|ARM.ActiveCfg = Release|Any CPU
		{D702144E-968C-42C1-A21B-23049C6D41E3}.Release|ARM.Build.0 = Release|Any CPU
		{D702144E-968C-42C1-A21B-23049C6D41E3}.Release|ARM.Deploy.0 = Release|Any CPU
		{D702144E-968C-42C1-A21B-23049C6D41E3}.Release|iPhone.ActiveCfg = Release|Any CPU
		{D702144E-968C-42C1-A21B-23049C6D41E3}.Release|iPhone.Build.0 = Release|Any CPU
		{D702144E-968C-42C1-A21B-23049C6D41E3}.Release|iPhone.Deploy.0 = Release|Any CPU
		{D702144E-968C-42C1-A21B-23049C6D41E3}.Release|iPhoneSimulator.ActiveCfg = Release|Any CPU
		{D702144E-968C-42C1-A21B-23049C6D41E3}.Release|iPhoneSimulator.Build.0 = Release|Any CPU
		{D702144E-968C-42C1-A21B-23049C6D41E3}.Release|iPhoneSimulator.Deploy.0 = Release|Any CPU
		{D702144E-968C-42C1-A21B-23049C6D41E3}.Release|x64.ActiveCfg = Release|Any CPU
		{D702144E-968C-42C1-A21B-23049C6D41E3}.Release|x64.Build.0 = Release|Any CPU
		{D702144E-968C-42C1-A21B-23049C6D41E3}.Release|x64.Deploy.0 = Release|Any CPU
		{D702144E-968C-42C1-A21B-23049C6D41E3}.Release|x86.ActiveCfg = Release|Any CPU
		{D702144E-968C-42C1-A21B-23049C6D41E3}.Release|x86.Build.0 = Release|Any CPU
		{D702144E-968C-42C1-A21B-23049C6D41E3}.Release|x86.Deploy.0 = Release|Any CPU
	EndGlobalSection
	GlobalSection(SolutionProperties) = preSolution
		HideSolutionNode = FALSE
	EndGlobalSection
	GlobalSection(ExtensibilityGlobals) = postSolution
		SolutionGuid = {C2CF6468-7E37-4CCF-836D-01985DBF50A0}
	EndGlobalSection
EndGlobal
